{
  "nodes": {
    "nixpkgs": {
      "locked": {
        "lastModified": 1708702655,
        "narHash": "sha256-qxT5jSLhelfLhQ07+AUxSTm1VnVH+hQxDkQSZ/m/Smo=",
        "path": "/nix/store/mykqzd5whqs367ahav828iqjcrr15ycg-source",
        "rev": "c5101e457206dd437330d283d6626944e28794b3",
        "type": "path"
      },
      "original": {
        "id": "nixpkgs",
        "type": "indirect"
      }
    },
    "root": {
      "inputs": {
        "nixpkgs": "nixpkgs"
      }
    }
  },
  "root": "root",
  "version": 7
}
